
Microsoft Visual Studio Solution File, Format Version 12.00
# Visual Studio Version 17
VisualStudioVersion = 17.3.32825.248
MinimumVisualStudioVersion = 10.0.40219.1
Project("{FAE04EC0-301F-11D3-BF4B-00C04F79EFBC}") = "RepositoryPractise", "RepositoryPractise\RepositoryPractise.csproj", "{F79AC640-3CA6-4167-B413-1AEBE7462D2C}"
EndProject
Project("{FAE04EC0-301F-11D3-BF4B-00C04F79EFBC}") = "Models", "Model\Models.csproj", "{33CB1E26-E416-4EAE-AFAF-8E9297B6E187}"
EndProject
Project("{FAE04EC0-301F-11D3-BF4B-00C04F79EFBC}") = "Structures", "Structures\Structures.csproj", "{7B8230A2-5E1C-4065-B2E8-BAD78C561943}"
EndProject
Project("{FAE04EC0-301F-11D3-BF4B-00C04F79EFBC}") = "Repositories", "Repositories\Repositories.csproj", "{BA3BC23C-F6F7-45FF-A1D6-A52A030AD28A}"
EndProject
Project("{FAE04EC0-301F-11D3-BF4B-00C04F79EFBC}") = "Enums", "Enums\Enums.csproj", "{9BEEBA91-389A-4402-8812-E5A997053777}"
EndProject
Global
	GlobalSection(SolutionConfigurationPlatforms) = preSolution
		Debug|Any CPU = Debug|Any CPU
		Release|Any CPU = Release|Any CPU
	EndGlobalSection
	GlobalSection(ProjectConfigurationPlatforms) = postSolution
		{F79AC640-3CA6-4167-B413-1AEBE7462D2C}.Debug|Any CPU.ActiveCfg = Debug|Any CPU
		{F79AC640-3CA6-4167-B413-1AEBE7462D2C}.Debug|Any CPU.Build.0 = Debug|Any CPU
		{F79AC640-3CA6-4167-B413-1AEBE7462D2C}.Release|Any CPU.ActiveCfg = Release|Any CPU
		{F79AC640-3CA6-4167-B413-1AEBE7462D2C}.Release|Any CPU.Build.0 = Release|Any CPU
		{33CB1E26-E416-4EAE-AFAF-8E9297B6E187}.Debug|Any CPU.ActiveCfg = Debug|Any CPU
		{33CB1E26-E416-4EAE-AFAF-8E9297B6E187}.Debug|Any CPU.Build.0 = Debug|Any CPU
		{33CB1E26-E416-4EAE-AFAF-8E9297B6E187}.Release|Any CPU.ActiveCfg = Release|Any CPU
		{33CB1E26-E416-4EAE-AFAF-8E9297B6E187}.Release|Any CPU.Build.0 = Release|Any CPU
		{7B8230A2-5E1C-4065-B2E8-BAD78C561943}.Debug|Any CPU.ActiveCfg = Debug|Any CPU
		{7B8230A2-5E1C-4065-B2E8-BAD78C561943}.Debug|Any CPU.Build.0 = Debug|Any CPU
		{7B8230A2-5E1C-4065-B2E8-BAD78C561943}.Release|Any CPU.ActiveCfg = Release|Any CPU
		{7B8230A2-5E1C-4065-B2E8-BAD78C561943}.Release|Any CPU.Build.0 = Release|Any CPU
		{BA3BC23C-F6F7-45FF-A1D6-A52A030AD28A}.Debug|Any CPU.ActiveCfg = Debug|Any CPU
		{BA3BC23C-F6F7-45FF-A1D6-A52A030AD28A}.Debug|Any CPU.Build.0 = Debug|Any CPU
		{BA3BC23C-F6F7-45FF-A1D6-A52A030AD28A}.Release|Any CPU.ActiveCfg = Release|Any CPU
		{BA3BC23C-F6F7-45FF-A1D6-A52A030AD28A}.Release|Any CPU.Build.0 = Release|Any CPU
		{9BEEBA91-389A-4402-8812-E5A997053777}.Debug|Any CPU.ActiveCfg = Debug|Any CPU
		{9BEEBA91-389A-4402-8812-E5A997053777}.Debug|Any CPU.Build.0 = Debug|Any CPU
		{9BEEBA91-389A-4402-8812-E5A997053777}.Release|Any CPU.ActiveCfg = Release|Any CPU
		{9BEEBA91-389A-4402-8812-E5A997053777}.Release|Any CPU.Build.0 = Release|Any CPU
	EndGlobalSection
	GlobalSection(SolutionProperties) = preSolution
		HideSolutionNode = FALSE
	EndGlobalSection
	GlobalSection(ExtensibilityGlobals) = postSolution
		SolutionGuid = {DBDD5EE0-E706-4F9A-9802-531662D54713}
	EndGlobalSection
EndGlobal
